
Microsoft Visual Studio Solution File, Format Version 12.00
# Visual Studio Version 17
VisualStudioVersion = 17.9.34622.214
MinimumVisualStudioVersion = 10.0.40219.1
Project("{FAE04EC0-301F-11D3-BF4B-00C04F79EFBC}") = "PRAKTIKA1.3", "PRAKTIKA1.3\PRAKTIKA1.3.csproj", "{CA170749-9C39-4994-8CF8-C2F72B543E9D}"
EndProject
Global
	GlobalSection(SolutionConfigurationPlatforms) = preSolution
		Debug|Any CPU = Debug|Any CPU
		Release|Any CPU = Release|Any CPU
	EndGlobalSection
	GlobalSection(ProjectConfigurationPlatforms) = postSolution
		{CA170749-9C39-4994-8CF8-C2F72B543E9D}.Debug|Any CPU.ActiveCfg = Debug|Any CPU
		{CA170749-9C39-4994-8CF8-C2F72B543E9D}.Debug|Any CPU.Build.0 = Debug|Any CPU
		{CA170749-9C39-4994-8CF8-C2F72B543E9D}.Release|Any CPU.ActiveCfg = Release|Any CPU
		{CA170749-9C39-4994-8CF8-C2F72B543E9D}.Release|Any CPU.Build.0 = Release|Any CPU
	EndGlobalSection
	GlobalSection(SolutionProperties) = preSolution
		HideSolutionNode = FALSE
	EndGlobalSection
	GlobalSection(ExtensibilityGlobals) = postSolution
		SolutionGuid = {8727D121-451E-4F4F-B3B4-B6BD44A2A2FC}
	EndGlobalSection
EndGlobal
